
Microsoft Visual Studio Solution File, Format Version 12.00
# Visual Studio 14
VisualStudioVersion = 14.0.25420.1
MinimumVisualStudioVersion = 10.0.40219.1
Project("{FAE04EC0-301F-11D3-BF4B-00C04F79EFBC}") = "DAL", "DAL\DAL.csproj", "{7D308EFC-EA28-4B07-9BF0-DC8C5B641D6D}"
EndProject
Project("{FAE04EC0-301F-11D3-BF4B-00C04F79EFBC}") = "SAL", "SAL\SAL.csproj", "{390D73CB-CC77-466F-99EA-70FD297854DE}"
EndProject
Project("{FAE04EC0-301F-11D3-BF4B-00C04F79EFBC}") = "BLL", "BLL\BLL.csproj", "{68C96A93-5E2B-4D37-8116-4531E6310E0F}"
EndProject
Project("{FAE04EC0-301F-11D3-BF4B-00C04F79EFBC}") = "AndroidApp", "AndroidApp\AndroidApp.csproj", "{4ACD630C-C14D-434C-972C-58D69DE1A9D7}"
EndProject
Project("{FAE04EC0-301F-11D3-BF4B-00C04F79EFBC}") = "iOSApp", "iOSApp\iOSApp.csproj", "{1A92C54F-5D17-4916-A940-8BF8D6F321C1}"
EndProject
Global
	GlobalSection(SolutionConfigurationPlatforms) = preSolution
		Ad-Hoc|Any CPU = Ad-Hoc|Any CPU
		Ad-Hoc|iPhone = Ad-Hoc|iPhone
		Ad-Hoc|iPhoneSimulator = Ad-Hoc|iPhoneSimulator
		AppStore|Any CPU = AppStore|Any CPU
		AppStore|iPhone = AppStore|iPhone
		AppStore|iPhoneSimulator = AppStore|iPhoneSimulator
		Debug|Any CPU = Debug|Any CPU
		Debug|iPhone = Debug|iPhone
		Debug|iPhoneSimulator = Debug|iPhoneSimulator
		Release|Any CPU = Release|Any CPU
		Release|iPhone = Release|iPhone
		Release|iPhoneSimulator = Release|iPhoneSimulator
	EndGlobalSection
	GlobalSection(ProjectConfigurationPlatforms) = postSolution
		{7D308EFC-EA28-4B07-9BF0-DC8C5B641D6D}.Ad-Hoc|Any CPU.ActiveCfg = Release|Any CPU
		{7D308EFC-EA28-4B07-9BF0-DC8C5B641D6D}.Ad-Hoc|Any CPU.Build.0 = Release|Any CPU
		{7D308EFC-EA28-4B07-9BF0-DC8C5B641D6D}.Ad-Hoc|iPhone.ActiveCfg = Release|Any CPU
		{7D308EFC-EA28-4B07-9BF0-DC8C5B641D6D}.Ad-Hoc|iPhone.Build.0 = Release|Any CPU
		{7D308EFC-EA28-4B07-9BF0-DC8C5B641D6D}.Ad-Hoc|iPhoneSimulator.ActiveCfg = Release|Any CPU
		{7D308EFC-EA28-4B07-9BF0-DC8C5B641D6D}.Ad-Hoc|iPhoneSimulator.Build.0 = Release|Any CPU
		{7D308EFC-EA28-4B07-9BF0-DC8C5B641D6D}.AppStore|Any CPU.ActiveCfg = Release|Any CPU
		{7D308EFC-EA28-4B07-9BF0-DC8C5B641D6D}.AppStore|Any CPU.Build.0 = Release|Any CPU
		{7D308EFC-EA28-4B07-9BF0-DC8C5B641D6D}.AppStore|iPhone.ActiveCfg = Release|Any CPU
		{7D308EFC-EA28-4B07-9BF0-DC8C5B641D6D}.AppStore|iPhone.Build.0 = Release|Any CPU
		{7D308EFC-EA28-4B07-9BF0-DC8C5B641D6D}.AppStore|iPhoneSimulator.ActiveCfg = Release|Any CPU
		{7D308EFC-EA28-4B07-9BF0-DC8C5B641D6D}.AppStore|iPhoneSimulator.Build.0 = Release|Any CPU
		{7D308EFC-EA28-4B07-9BF0-DC8C5B641D6D}.Debug|Any CPU.ActiveCfg = Debug|Any CPU
		{7D308EFC-EA28-4B07-9BF0-DC8C5B641D6D}.Debug|Any CPU.Build.0 = Debug|Any CPU
		{7D308EFC-EA28-4B07-9BF0-DC8C5B641D6D}.Debug|iPhone.ActiveCfg = Debug|Any CPU
		{7D308EFC-EA28-4B07-9BF0-DC8C5B641D6D}.Debug|iPhone.Build.0 = Debug|Any CPU
		{7D308EFC-EA28-4B07-9BF0-DC8C5B641D6D}.Debug|iPhoneSimulator.ActiveCfg = Debug|Any CPU
		{7D308EFC-EA28-4B07-9BF0-DC8C5B641D6D}.Debug|iPhoneSimulator.Build.0 = Debug|Any CPU
		{7D308EFC-EA28-4B07-9BF0-DC8C5B641D6D}.Release|Any CPU.ActiveCfg = Release|Any CPU
		{7D308EFC-EA28-4B07-9BF0-DC8C5B641D6D}.Release|Any CPU.Build.0 = Release|Any CPU
		{7D308EFC-EA28-4B07-9BF0-DC8C5B641D6D}.Release|iPhone.ActiveCfg = Release|Any CPU
		{7D308EFC-EA28-4B07-9BF0-DC8C5B641D6D}.Release|iPhone.Build.0 = Release|Any CPU
		{7D308EFC-EA28-4B07-9BF0-DC8C5B641D6D}.Release|iPhoneSimulator.ActiveCfg = Release|Any CPU
		{7D308EFC-EA28-4B07-9BF0-DC8C5B641D6D}.Release|iPhoneSimulator.Build.0 = Release|Any CPU
		{390D73CB-CC77-466F-99EA-70FD297854DE}.Ad-Hoc|Any CPU.ActiveCfg = Release|Any CPU
		{390D73CB-CC77-466F-99EA-70FD297854DE}.Ad-Hoc|Any CPU.Build.0 = Release|Any CPU
		{390D73CB-CC77-466F-99EA-70FD297854DE}.Ad-Hoc|iPhone.ActiveCfg = Release|Any CPU
		{390D73CB-CC77-466F-99EA-70FD297854DE}.Ad-Hoc|iPhone.Build.0 = Release|Any CPU
		{390D73CB-CC77-466F-99EA-70FD297854DE}.Ad-Hoc|iPhoneSimulator.ActiveCfg = Release|Any CPU
		{390D73CB-CC77-466F-99EA-70FD297854DE}.Ad-Hoc|iPhoneSimulator.Build.0 = Release|Any CPU
		{390D73CB-CC77-466F-99EA-70FD297854DE}.AppStore|Any CPU.ActiveCfg = Release|Any CPU
		{390D73CB-CC77-466F-99EA-70FD297854DE}.AppStore|Any CPU.Build.0 = Release|Any CPU
		{390D73CB-CC77-466F-99EA-70FD297854DE}.AppStore|iPhone.ActiveCfg = Release|Any CPU
		{390D73CB-CC77-466F-99EA-70FD297854DE}.AppStore|iPhone.Build.0 = Release|Any CPU
		{390D73CB-CC77-466F-99EA-70FD297854DE}.AppStore|iPhoneSimulator.ActiveCfg = Release|Any CPU
		{390D73CB-CC77-466F-99EA-70FD297854DE}.AppStore|iPhoneSimulator.Build.0 = Release|Any CPU
		{390D73CB-CC77-466F-99EA-70FD297854DE}.Debug|Any CPU.ActiveCfg = Debug|Any CPU
		{390D73CB-CC77-466F-99EA-70FD297854DE}.Debug|Any CPU.Build.0 = Debug|Any CPU
		{390D73CB-CC77-466F-99EA-70FD297854DE}.Debug|iPhone.ActiveCfg = Debug|Any CPU
		{390D73CB-CC77-466F-99EA-70FD297854DE}.Debug|iPhone.Build.0 = Debug|Any CPU
		{390D73CB-CC77-466F-99EA-70FD297854DE}.Debug|iPhoneSimulator.ActiveCfg = Debug|Any CPU
		{390D73CB-CC77-466F-99EA-70FD297854DE}.Debug|iPhoneSimulator.Build.0 = Debug|Any CPU
		{390D73CB-CC77-466F-99EA-70FD297854DE}.Release|Any CPU.ActiveCfg = Release|Any CPU
		{390D73CB-CC77-466F-99EA-70FD297854DE}.Release|Any CPU.Build.0 = Release|Any CPU
		{390D73CB-CC77-466F-99EA-70FD297854DE}.Release|iPhone.ActiveCfg = Release|Any CPU
		{390D73CB-CC77-466F-99EA-70FD297854DE}.Release|iPhone.Build.0 = Release|Any CPU
		{390D73CB-CC77-466F-99EA-70FD297854DE}.Release|iPhoneSimulator.ActiveCfg = Release|Any CPU
		{390D73CB-CC77-466F-99EA-70FD297854DE}.Release|iPhoneSimulator.Build.0 = Release|Any CPU
		{68C96A93-5E2B-4D37-8116-4531E6310E0F}.Ad-Hoc|Any CPU.ActiveCfg = Release|Any CPU
		{68C96A93-5E2B-4D37-8116-4531E6310E0F}.Ad-Hoc|Any CPU.Build.0 = Release|Any CPU
		{68C96A93-5E2B-4D37-8116-4531E6310E0F}.Ad-Hoc|iPhone.ActiveCfg = Release|Any CPU
		{68C96A93-5E2B-4D37-8116-4531E6310E0F}.Ad-Hoc|iPhone.Build.0 = Release|Any CPU
		{68C96A93-5E2B-4D37-8116-4531E6310E0F}.Ad-Hoc|iPhoneSimulator.ActiveCfg = Release|Any CPU
		{68C96A93-5E2B-4D37-8116-4531E6310E0F}.Ad-Hoc|iPhoneSimulator.Build.0 = Release|Any CPU
		{68C96A93-5E2B-4D37-8116-4531E6310E0F}.AppStore|Any CPU.ActiveCfg = Release|Any CPU
		{68C96A93-5E2B-4D37-8116-4531E6310E0F}.AppStore|Any CPU.Build.0 = Release|Any CPU
		{68C96A93-5E2B-4D37-8116-4531E6310E0F}.AppStore|iPhone.ActiveCfg = Release|Any CPU
		{68C96A93-5E2B-4D37-8116-4531E6310E0F}.AppStore|iPhone.Build.0 = Release|Any CPU
		{68C96A93-5E2B-4D37-8116-4531E6310E0F}.AppStore|iPhoneSimulator.ActiveCfg = Release|Any CPU
		{68C96A93-5E2B-4D37-8116-4531E6310E0F}.AppStore|iPhoneSimulator.Build.0 = Release|Any CPU
		{68C96A93-5E2B-4D37-8116-4531E6310E0F}.Debug|Any CPU.ActiveCfg = Debug|Any CPU
		{68C96A93-5E2B-4D37-8116-4531E6310E0F}.Debug|Any CPU.Build.0 = Debug|Any CPU
		{68C96A93-5E2B-4D37-8116-4531E6310E0F}.Debug|iPhone.ActiveCfg = Debug|Any CPU
		{68C96A93-5E2B-4D37-8116-4531E6310E0F}.Debug|iPhone.Build.0 = Debug|Any CPU
		{68C96A93-5E2B-4D37-8116-4531E6310E0F}.Debug|iPhoneSimulator.ActiveCfg = Debug|Any CPU
		{68C96A93-5E2B-4D37-8116-4531E6310E0F}.Debug|iPhoneSimulator.Build.0 = Debug|Any CPU
		{68C96A93-5E2B-4D37-8116-4531E6310E0F}.Release|Any CPU.ActiveCfg = Release|Any CPU
		{68C96A93-5E2B-4D37-8116-4531E6310E0F}.Release|Any CPU.Build.0 = Release|Any CPU
		{68C96A93-5E2B-4D37-8116-4531E6310E0F}.Release|iPhone.ActiveCfg = Release|Any CPU
		{68C96A93-5E2B-4D37-8116-4531E6310E0F}.Release|iPhone.Build.0 = Release|Any CPU
		{68C96A93-5E2B-4D37-8116-4531E6310E0F}.Release|iPhoneSimulator.ActiveCfg = Release|Any CPU
		{68C96A93-5E2B-4D37-8116-4531E6310E0F}.Release|iPhoneSimulator.Build.0 = Release|Any CPU
		{4ACD630C-C14D-434C-972C-58D69DE1A9D7}.Ad-Hoc|Any CPU.ActiveCfg = Release|Any CPU
		{4ACD630C-C14D-434C-972C-58D69DE1A9D7}.Ad-Hoc|Any CPU.Build.0 = Release|Any CPU
		{4ACD630C-C14D-434C-972C-58D69DE1A9D7}.Ad-Hoc|Any CPU.Deploy.0 = Release|Any CPU
		{4ACD630C-C14D-434C-972C-58D69DE1A9D7}.Ad-Hoc|iPhone.ActiveCfg = Release|Any CPU
		{4ACD630C-C14D-434C-972C-58D69DE1A9D7}.Ad-Hoc|iPhone.Build.0 = Release|Any CPU
		{4ACD630C-C14D-434C-972C-58D69DE1A9D7}.Ad-Hoc|iPhone.Deploy.0 = Release|Any CPU
		{4ACD630C-C14D-434C-972C-58D69DE1A9D7}.Ad-Hoc|iPhoneSimulator.ActiveCfg = Release|Any CPU
		{4ACD630C-C14D-434C-972C-58D69DE1A9D7}.Ad-Hoc|iPhoneSimulator.Build.0 = Release|Any CPU
		{4ACD630C-C14D-434C-972C-58D69DE1A9D7}.Ad-Hoc|iPhoneSimulator.Deploy.0 = Release|Any CPU
		{4ACD630C-C14D-434C-972C-58D69DE1A9D7}.AppStore|Any CPU.ActiveCfg = Release|Any CPU
		{4ACD630C-C14D-434C-972C-58D69DE1A9D7}.AppStore|Any CPU.Build.0 = Release|Any CPU
		{4ACD630C-C14D-434C-972C-58D69DE1A9D7}.AppStore|Any CPU.Deploy.0 = Release|Any CPU
		{4ACD630C-C14D-434C-972C-58D69DE1A9D7}.AppStore|iPhone.ActiveCfg = Release|Any CPU
		{4ACD630C-C14D-434C-972C-58D69DE1A9D7}.AppStore|iPhone.Build.0 = Release|Any CPU
		{4ACD630C-C14D-434C-972C-58D69DE1A9D7}.AppStore|iPhone.Deploy.0 = Release|Any CPU
		{4ACD630C-C14D-434C-972C-58D69DE1A9D7}.AppStore|iPhoneSimulator.ActiveCfg = Release|Any CPU
		{4ACD630C-C14D-434C-972C-58D69DE1A9D7}.AppStore|iPhoneSimulator.Build.0 = Release|Any CPU
		{4ACD630C-C14D-434C-972C-58D69DE1A9D7}.AppStore|iPhoneSimulator.Deploy.0 = Release|Any CPU
		{4ACD630C-C14D-434C-972C-58D69DE1A9D7}.Debug|Any CPU.ActiveCfg = Debug|Any CPU
		{4ACD630C-C14D-434C-972C-58D69DE1A9D7}.Debug|Any CPU.Build.0 = Debug|Any CPU
		{4ACD630C-C14D-434C-972C-58D69DE1A9D7}.Debug|Any CPU.Deploy.0 = Debug|Any CPU
		{4ACD630C-C14D-434C-972C-58D69DE1A9D7}.Debug|iPhone.ActiveCfg = Debug|Any CPU
		{4ACD630C-C14D-434C-972C-58D69DE1A9D7}.Debug|iPhone.Build.0 = Debug|Any CPU
		{4ACD630C-C14D-434C-972C-58D69DE1A9D7}.Debug|iPhone.Deploy.0 = Debug|Any CPU
		{4ACD630C-C14D-434C-972C-58D69DE1A9D7}.Debug|iPhoneSimulator.ActiveCfg = Debug|Any CPU
		{4ACD630C-C14D-434C-972C-58D69DE1A9D7}.Debug|iPhoneSimulator.Build.0 = Debug|Any CPU
		{4ACD630C-C14D-434C-972C-58D69DE1A9D7}.Debug|iPhoneSimulator.Deploy.0 = Debug|Any CPU
		{4ACD630C-C14D-434C-972C-58D69DE1A9D7}.Release|Any CPU.ActiveCfg = Release|Any CPU
		{4ACD630C-C14D-434C-972C-58D69DE1A9D7}.Release|Any CPU.Build.0 = Release|Any CPU
		{4ACD630C-C14D-434C-972C-58D69DE1A9D7}.Release|Any CPU.Deploy.0 = Release|Any CPU
		{4ACD630C-C14D-434C-972C-58D69DE1A9D7}.Release|iPhone.ActiveCfg = Release|Any CPU
		{4ACD630C-C14D-434C-972C-58D69DE1A9D7}.Release|iPhone.Build.0 = Release|Any CPU
		{4ACD630C-C14D-434C-972C-58D69DE1A9D7}.Release|iPhone.Deploy.0 = Release|Any CPU
		{4ACD630C-C14D-434C-972C-58D69DE1A9D7}.Release|iPhoneSimulator.ActiveCfg = Release|Any CPU
		{4ACD630C-C14D-434C-972C-58D69DE1A9D7}.Release|iPhoneSimulator.Build.0 = Release|Any CPU
		{4ACD630C-C14D-434C-972C-58D69DE1A9D7}.Release|iPhoneSimulator.Deploy.0 = Release|Any CPU
		{1A92C54F-5D17-4916-A940-8BF8D6F321C1}.Ad-Hoc|Any CPU.ActiveCfg = Ad-Hoc|iPhone
		{1A92C54F-5D17-4916-A940-8BF8D6F321C1}.Ad-Hoc|iPhone.ActiveCfg = Ad-Hoc|iPhone
		{1A92C54F-5D17-4916-A940-8BF8D6F321C1}.Ad-Hoc|iPhone.Build.0 = Ad-Hoc|iPhone
		{1A92C54F-5D17-4916-A940-8BF8D6F321C1}.Ad-Hoc|iPhoneSimulator.ActiveCfg = Ad-Hoc|iPhoneSimulator
		{1A92C54F-5D17-4916-A940-8BF8D6F321C1}.Ad-Hoc|iPhoneSimulator.Build.0 = Ad-Hoc|iPhoneSimulator
		{1A92C54F-5D17-4916-A940-8BF8D6F321C1}.AppStore|Any CPU.ActiveCfg = AppStore|iPhone
		{1A92C54F-5D17-4916-A940-8BF8D6F321C1}.AppStore|iPhone.ActiveCfg = AppStore|iPhone
		{1A92C54F-5D17-4916-A940-8BF8D6F321C1}.AppStore|iPhone.Build.0 = AppStore|iPhone
		{1A92C54F-5D17-4916-A940-8BF8D6F321C1}.AppStore|iPhoneSimulator.ActiveCfg = AppStore|iPhoneSimulator
		{1A92C54F-5D17-4916-A940-8BF8D6F321C1}.AppStore|iPhoneSimulator.Build.0 = AppStore|iPhoneSimulator
		{1A92C54F-5D17-4916-A940-8BF8D6F321C1}.Debug|Any CPU.ActiveCfg = Debug|iPhone
		{1A92C54F-5D17-4916-A940-8BF8D6F321C1}.Debug|iPhone.ActiveCfg = Debug|iPhone
		{1A92C54F-5D17-4916-A940-8BF8D6F321C1}.Debug|iPhone.Build.0 = Debug|iPhone
		{1A92C54F-5D17-4916-A940-8BF8D6F321C1}.Debug|iPhoneSimulator.ActiveCfg = Debug|iPhoneSimulator
		{1A92C54F-5D17-4916-A940-8BF8D6F321C1}.Debug|iPhoneSimulator.Build.0 = Debug|iPhoneSimulator
		{1A92C54F-5D17-4916-A940-8BF8D6F321C1}.Release|Any CPU.ActiveCfg = Release|iPhone
		{1A92C54F-5D17-4916-A940-8BF8D6F321C1}.Release|iPhone.ActiveCfg = Release|iPhone
		{1A92C54F-5D17-4916-A940-8BF8D6F321C1}.Release|iPhone.Build.0 = Release|iPhone
		{1A92C54F-5D17-4916-A940-8BF8D6F321C1}.Release|iPhoneSimulator.ActiveCfg = Release|iPhoneSimulator
		{1A92C54F-5D17-4916-A940-8BF8D6F321C1}.Release|iPhoneSimulator.Build.0 = Release|iPhoneSimulator
	EndGlobalSection
	GlobalSection(SolutionProperties) = preSolution
		HideSolutionNode = FALSE
	EndGlobalSection
EndGlobal
